
Microsoft Visual Studio Solution File, Format Version 12.00
# Visual Studio 15
VisualStudioVersion = 15.0.28010.2019
MinimumVisualStudioVersion = 10.0.40219.1
Project("{FAE04EC0-301F-11D3-BF4B-00C04F79EFBC}") = "CypherHilla", "CypherHilla\CypherHilla.csproj", "{66ED24B2-3CB4-40E5-85C2-ED1A060C616E}"
EndProject
Global
	GlobalSection(SolutionConfigurationPlatforms) = preSolution
		Debug|Any CPU = Debug|Any CPU
		Release|Any CPU = Release|Any CPU
	EndGlobalSection
	GlobalSection(ProjectConfigurationPlatforms) = postSolution
		{66ED24B2-3CB4-40E5-85C2-ED1A060C616E}.Debug|Any CPU.ActiveCfg = Debug|Any CPU
		{66ED24B2-3CB4-40E5-85C2-ED1A060C616E}.Debug|Any CPU.Build.0 = Debug|Any CPU
		{66ED24B2-3CB4-40E5-85C2-ED1A060C616E}.Release|Any CPU.ActiveCfg = Release|Any CPU
		{66ED24B2-3CB4-40E5-85C2-ED1A060C616E}.Release|Any CPU.Build.0 = Release|Any CPU
	EndGlobalSection
	GlobalSection(SolutionProperties) = preSolution
		HideSolutionNode = FALSE
	EndGlobalSection
	GlobalSection(ExtensibilityGlobals) = postSolution
		SolutionGuid = {AC8422CA-2817-4BA4-B69F-2EA5C975D3C3}
	EndGlobalSection
EndGlobal
